# THIS IS AN AUTOGENERATED FILE. DO NOT EDIT THIS FILE DIRECTLY.
# yarn lockfile v1


"@discoveryjs/json-ext@^0.5.0":
  version "0.5.6"
  resolved "https://registry.npmjs.org/@discoveryjs/json-ext/-/json-ext-0.5.6.tgz"

"@esbuild/linux-loong64@0.14.54":
  version "0.14.54"
  resolved "https://registry.yarnpkg.com/@esbuild/linux-loong64/-/linux-loong64-0.14.54.tgz#de2a4be678bd4d0d1ffbb86e6de779cde5999028"

"@esbuild/linux-loong64@0.15.5":
  version "0.15.5"
  resolved "https://registry.yarnpkg.com/@esbuild/linux-loong64/-/linux-loong64-0.15.5.tgz#91aef76d332cdc7c8942b600fa2307f3387e6f82"

"@types/eslint-scope@^3.7.3":
  version "3.7.3"
  resolved "https://registry.npmjs.org/@types/eslint-scope/-/eslint-scope-3.7.3.tgz"
  dependencies:
    "@types/eslint" "*"
    "@types/estree" "*"

"@types/eslint@*":
  version "8.4.1"
  resolved "https://registry.npmjs.org/@types/eslint/-/eslint-8.4.1.tgz"
  dependencies:
    "@types/estree" "*"
    "@types/json-schema" "*"

"@types/estree@*", "@types/estree@^0.0.51":
  version "0.0.51"
  resolved "https://registry.npmjs.org/@types/estree/-/estree-0.0.51.tgz"

"@types/json-schema@*", "@types/json-schema@^7.0.5", "@types/json-schema@^7.0.8":
  version "7.0.9"
  resolved "https://registry.npmjs.org/@types/json-schema/-/json-schema-7.0.9.tgz"

"@types/node@*":
  version "17.0.17"
  resolved "https://registry.npmjs.org/@types/node/-/node-17.0.17.tgz"

"@webassemblyjs/ast@1.11.1":
  version "1.11.1"
  resolved "https://registry.npmjs.org/@webassemblyjs/ast/-/ast-1.11.1.tgz"
  dependencies:
    "@webassemblyjs/helper-numbers" "1.11.1"
    "@webassemblyjs/helper-wasm-bytecode" "1.11.1"

"@webassemblyjs/floating-point-hex-parser@1.11.1":
  version "1.11.1"
  resolved "https://registry.npmjs.org/@webassemblyjs/floating-point-hex-parser/-/floating-point-hex-parser-1.11.1.tgz"

"@webassemblyjs/helper-api-error@1.11.1":
  version "1.11.1"
  resolved "https://registry.npmjs.org/@webassemblyjs/helper-api-error/-/helper-api-error-1.11.1.tgz"

"@webassemblyjs/helper-buffer@1.11.1":
  version "1.11.1"
  resolved "https://registry.npmjs.org/@webassemblyjs/helper-buffer/-/helper-buffer-1.11.1.tgz"

"@webassemblyjs/helper-numbers@1.11.1":
  version "1.11.1"
  resolved "https://registry.npmjs.org/@webassemblyjs/helper-numbers/-/helper-numbers-1.11.1.tgz"
  dependencies:
    "@webassemblyjs/floating-point-hex-parser" "1.11.1"
    "@webassemblyjs/helper-api-error" "1.11.1"
    "@xtuc/long" "4.2.2"

"@webassemblyjs/helper-wasm-bytecode@1.11.1":
  version "1.11.1"
  resolved "https://registry.npmjs.org/@webassemblyjs/helper-wasm-bytecode/-/helper-wasm-bytecode-1.11.1.tgz"

"@webassemblyjs/helper-wasm-section@1.11.1":
  version "1.11.1"
  resolved "https://registry.npmjs.org/@webassemblyjs/helper-wasm-section/-/helper-wasm-section-1.11.1.tgz"
  dependencies:
    "@webassemblyjs/ast" "1.11.1"
    "@webassemblyjs/helper-buffer" "1.11.1"
    "@webassemblyjs/helper-wasm-bytecode" "1.11.1"
    "@webassemblyjs/wasm-gen" "1.11.1"

"@webassemblyjs/ieee754@1.11.1":
  version "1.11.1"
  resolved "https://registry.npmjs.org/@webassemblyjs/ieee754/-/ieee754-1.11.1.tgz"
  dependencies:
    "@xtuc/ieee754" "^1.2.0"

"@webassemblyjs/leb128@1.11.1":
  version "1.11.1"
  resolved "https://registry.npmjs.org/@webassemblyjs/leb128/-/leb128-1.11.1.tgz"
  dependencies:
    "@xtuc/long" "4.2.2"

"@webassemblyjs/utf8@1.11.1":
  version "1.11.1"
  resolved "https://registry.npmjs.org/@webassemblyjs/utf8/-/utf8-1.11.1.tgz"

"@webassemblyjs/wasm-edit@1.11.1":
  version "1.11.1"
  resolved "https://registry.npmjs.org/@webassemblyjs/wasm-edit/-/wasm-edit-1.11.1.tgz"
  dependencies:
    "@webassemblyjs/ast" "1.11.1"
    "@webassemblyjs/helper-buffer" "1.11.1"
    "@webassemblyjs/helper-wasm-bytecode" "1.11.1"
    "@webassemblyjs/helper-wasm-section" "1.11.1"
    "@webassemblyjs/wasm-gen" "1.11.1"
    "@webassemblyjs/wasm-opt" "1.11.1"
    "@webassemblyjs/wasm-parser" "1.11.1"
    "@webassemblyjs/wast-printer" "1.11.1"

"@webassemblyjs/wasm-gen@1.11.1":
  version "1.11.1"
  resolved "https://registry.npmjs.org/@webassemblyjs/wasm-gen/-/wasm-gen-1.11.1.tgz"
  dependencies:
    "@webassemblyjs/ast" "1.11.1"
    "@webassemblyjs/helper-wasm-bytecode" "1.11.1"
    "@webassemblyjs/ieee754" "1.11.1"
    "@webassemblyjs/leb128" "1.11.1"
    "@webassemblyjs/utf8" "1.11.1"

"@webassemblyjs/wasm-opt@1.11.1":
  version "1.11.1"
  resolved "https://registry.npmjs.org/@webassemblyjs/wasm-opt/-/wasm-opt-1.11.1.tgz"
  dependencies:
    "@webassemblyjs/ast" "1.11.1"
    "@webassemblyjs/helper-buffer" "1.11.1"
    "@webassemblyjs/wasm-gen" "1.11.1"
    "@webassemblyjs/wasm-parser" "1.11.1"

"@webassemblyjs/wasm-parser@1.11.1":
  version "1.11.1"
  resolved "https://registry.npmjs.org/@webassemblyjs/wasm-parser/-/wasm-parser-1.11.1.tgz"
  dependencies:
    "@webassemblyjs/ast" "1.11.1"
    "@webassemblyjs/helper-api-error" "1.11.1"
    "@webassemblyjs/helper-wasm-bytecode" "1.11.1"
    "@webassemblyjs/ieee754" "1.11.1"
    "@webassemblyjs/leb128" "1.11.1"
    "@webassemblyjs/utf8" "1.11.1"

"@webassemblyjs/wast-printer@1.11.1":
  version "1.11.1"
  resolved "https://registry.npmjs.org/@webassemblyjs/wast-printer/-/wast-printer-1.11.1.tgz"
  dependencies:
    "@webassemblyjs/ast" "1.11.1"
    "@xtuc/long" "4.2.2"

"@webpack-cli/configtest@^1.0.4":
  version "1.1.1"
  resolved "https://registry.npmjs.org/@webpack-cli/configtest/-/configtest-1.1.1.tgz"

"@webpack-cli/info@^1.3.0":
  version "1.4.1"
  resolved "https://registry.npmjs.org/@webpack-cli/info/-/info-1.4.1.tgz"
  dependencies:
    envinfo "^7.7.3"

"@webpack-cli/serve@^1.5.1":
  version "1.6.1"
  resolved "https://registry.npmjs.org/@webpack-cli/serve/-/serve-1.6.1.tgz"

"@xtuc/ieee754@^1.2.0":
  version "1.2.0"
  resolved "https://registry.npmjs.org/@xtuc/ieee754/-/ieee754-1.2.0.tgz"

"@xtuc/long@4.2.2":
  version "4.2.2"
  resolved "https://registry.npmjs.org/@xtuc/long/-/long-4.2.2.tgz"

acorn-import-assertions@^1.7.6:
  version "1.8.0"
  resolved "https://registry.npmjs.org/acorn-import-assertions/-/acorn-import-assertions-1.8.0.tgz"

acorn@^8.4.1:
  version "8.7.1"
  resolved "https://registry.npmjs.org/acorn/-/acorn-8.7.1.tgz"

adjust-sourcemap-loader@^4.0.0:
  version "4.0.0"
  resolved "https://registry.npmjs.org/adjust-sourcemap-loader/-/adjust-sourcemap-loader-4.0.0.tgz"
  dependencies:
    loader-utils "^2.0.0"
    regex-parser "^2.2.11"

ajv-keywords@^3.5.2:
  version "3.5.2"
  resolved "https://registry.npmjs.org/ajv-keywords/-/ajv-keywords-3.5.2.tgz"

ajv@^6.12.4, ajv@^6.12.5:
  version "6.12.6"
  resolved "https://registry.npmjs.org/ajv/-/ajv-6.12.6.tgz"
  dependencies:
    fast-deep-equal "^3.1.1"
    fast-json-stable-stringify "^2.0.0"
    json-schema-traverse "^0.4.1"
    uri-js "^4.2.2"

anymatch@~3.1.2:
  version "3.1.2"
  resolved "https://registry.npmjs.org/anymatch/-/anymatch-3.1.2.tgz"
  dependencies:
    normalize-path "^3.0.0"
    picomatch "^2.0.4"

balanced-match@^1.0.0:
  version "1.0.2"
  resolved "https://registry.npmjs.org/balanced-match/-/balanced-match-1.0.2.tgz"

big.js@^5.2.2:
  version "5.2.2"
  resolved "https://registry.npmjs.org/big.js/-/big.js-5.2.2.tgz"

binary-extensions@^2.0.0:
  version "2.2.0"
  resolved "https://registry.npmjs.org/binary-extensions/-/binary-extensions-2.2.0.tgz"

brace-expansion@^1.1.7:
  version "1.1.11"
  resolved "https://registry.npmjs.org/brace-expansion/-/brace-expansion-1.1.11.tgz"
  dependencies:
    balanced-match "^1.0.0"
    concat-map "0.0.1"

braces@~3.0.2:
  version "3.0.2"
  resolved "https://registry.npmjs.org/braces/-/braces-3.0.2.tgz"
  dependencies:
    fill-range "^7.0.1"

browserslist@^4.14.5:
  version "4.19.1"
  resolved "https://registry.npmjs.org/browserslist/-/browserslist-4.19.1.tgz"
  dependencies:
    caniuse-lite "^1.0.30001286"
    electron-to-chromium "^1.4.17"
    escalade "^3.1.1"
    node-releases "^2.0.1"
    picocolors "^1.0.0"

buffer-from@^1.0.0:
  version "1.1.2"
  resolved "https://registry.npmjs.org/buffer-from/-/buffer-from-1.1.2.tgz"

camelcase@^6.0.0:
  version "6.3.0"
  resolved "https://registry.npmjs.org/camelcase/-/camelcase-6.3.0.tgz"

caniuse-lite@^1.0.30001286:
  version "1.0.30001312"
  resolved "https://registry.npmjs.org/caniuse-lite/-/caniuse-lite-1.0.30001312.tgz"

"chokidar@>=3.0.0 <4.0.0":
  version "3.5.3"
  resolved "https://registry.npmjs.org/chokidar/-/chokidar-3.5.3.tgz"
  dependencies:
    anymatch "~3.1.2"
    braces "~3.0.2"
    glob-parent "~5.1.2"
    is-binary-path "~2.1.0"
    is-glob "~4.0.1"
    normalize-path "~3.0.0"
    readdirp "~3.6.0"
  optionalDependencies:
    fsevents "~2.3.2"

chrome-trace-event@^1.0.2:
  version "1.0.3"
  resolved "https://registry.npmjs.org/chrome-trace-event/-/chrome-trace-event-1.0.3.tgz"

clipboard-copy@^4.0.1:
  version "4.0.1"
  resolved "https://registry.npmjs.org/clipboard-copy/-/clipboard-copy-4.0.1.tgz"

clone-deep@^4.0.1:
  version "4.0.1"
  resolved "https://registry.npmjs.org/clone-deep/-/clone-deep-4.0.1.tgz"
  dependencies:
    is-plain-object "^2.0.4"
    kind-of "^6.0.2"
    shallow-clone "^3.0.0"

colorette@^1.2.1:
  version "1.4.0"
  resolved "https://registry.npmjs.org/colorette/-/colorette-1.4.0.tgz"

commander@^2.20.0:
  version "2.20.3"
  resolved "https://registry.npmjs.org/commander/-/commander-2.20.3.tgz"

commander@^7.0.0:
  version "7.2.0"
  resolved "https://registry.npmjs.org/commander/-/commander-7.2.0.tgz"

concat-map@0.0.1:
  version "0.0.1"
  resolved "https://registry.npmjs.org/concat-map/-/concat-map-0.0.1.tgz"

convert-source-map@^1.7.0:
  version "1.8.0"
  resolved "https://registry.npmjs.org/convert-source-map/-/convert-source-map-1.8.0.tgz"
  dependencies:
    safe-buffer "~5.1.1"

cross-spawn@^7.0.3:
  version "7.0.3"
  resolved "https://registry.npmjs.org/cross-spawn/-/cross-spawn-7.0.3.tgz"
  dependencies:
    path-key "^3.1.0"
    shebang-command "^2.0.0"
    which "^2.0.1"

css-loader@^4.3.0:
  version "4.3.0"
  resolved "https://registry.npmjs.org/css-loader/-/css-loader-4.3.0.tgz"
  dependencies:
    camelcase "^6.0.0"
    cssesc "^3.0.0"
    icss-utils "^4.1.1"
    loader-utils "^2.0.0"
    postcss "^7.0.32"
    postcss-modules-extract-imports "^2.0.0"
    postcss-modules-local-by-default "^3.0.3"
    postcss-modules-scope "^2.2.0"
    postcss-modules-values "^3.0.0"
    postcss-value-parser "^4.1.0"
    schema-utils "^2.7.1"
    semver "^7.3.2"

cssesc@^3.0.0:
  version "3.0.0"
  resolved "https://registry.npmjs.org/cssesc/-/cssesc-3.0.0.tgz"

electron-to-chromium@^1.4.17:
  version "1.4.68"
  resolved "https://registry.npmjs.org/electron-to-chromium/-/electron-to-chromium-1.4.68.tgz"

emojis-list@^3.0.0:
  version "3.0.0"
  resolved "https://registry.npmjs.org/emojis-list/-/emojis-list-3.0.0.tgz"

enhanced-resolve@^5.9.3:
  version "5.9.3"
  resolved "https://registry.npmjs.org/enhanced-resolve/-/enhanced-resolve-5.9.3.tgz"
  dependencies:
    graceful-fs "^4.2.4"
    tapable "^2.2.0"

envinfo@^7.7.3:
  version "7.8.1"
  resolved "https://registry.npmjs.org/envinfo/-/envinfo-7.8.1.tgz"

es-module-lexer@^0.9.0:
  version "0.9.3"
  resolved "https://registry.npmjs.org/es-module-lexer/-/es-module-lexer-0.9.3.tgz"

esbuild-android-64@0.14.54:
  version "0.14.54"
  resolved "https://registry.yarnpkg.com/esbuild-android-64/-/esbuild-android-64-0.14.54.tgz#505f41832884313bbaffb27704b8bcaa2d8616be"

esbuild-android-64@0.15.5:
  version "0.15.5"
  resolved "https://registry.yarnpkg.com/esbuild-android-64/-/esbuild-android-64-0.15.5.tgz#3c7b2f2a59017dab3f2c0356188a8dd9cbdc91c8"

esbuild-android-arm64@0.14.54:
  version "0.14.54"
  resolved "https://registry.yarnpkg.com/esbuild-android-arm64/-/esbuild-android-arm64-0.14.54.tgz#8ce69d7caba49646e009968fe5754a21a9871771"

esbuild-android-arm64@0.15.5:
  version "0.15.5"
  resolved "https://registry.yarnpkg.com/esbuild-android-arm64/-/esbuild-android-arm64-0.15.5.tgz#e301db818c5a67b786bf3bb7320e414ac0fcf193"

esbuild-darwin-64@0.14.54:
  version "0.14.54"
  resolved "https://registry.yarnpkg.com/esbuild-darwin-64/-/esbuild-darwin-64-0.14.54.tgz#24ba67b9a8cb890a3c08d9018f887cc221cdda25"

esbuild-darwin-64@0.15.5:
  version "0.15.5"
  resolved "https://registry.yarnpkg.com/esbuild-darwin-64/-/esbuild-darwin-64-0.15.5.tgz#11726de5d0bf5960b92421ef433e35871c091f8d"

esbuild-darwin-arm64@0.14.54:
  version "0.14.54"
  resolved "https://registry.npmjs.org/esbuild-darwin-arm64/-/esbuild-darwin-arm64-0.14.54.tgz"

esbuild-darwin-arm64@0.15.5:
  version "0.15.5"
  resolved "https://registry.yarnpkg.com/esbuild-darwin-arm64/-/esbuild-darwin-arm64-0.15.5.tgz#ad89dafebb3613fd374f5a245bb0ce4132413997"

esbuild-freebsd-64@0.14.54:
  version "0.14.54"
  resolved "https://registry.yarnpkg.com/esbuild-freebsd-64/-/esbuild-freebsd-64-0.14.54.tgz#09250f997a56ed4650f3e1979c905ffc40bbe94d"

esbuild-freebsd-64@0.15.5:
  version "0.15.5"
  resolved "https://registry.yarnpkg.com/esbuild-freebsd-64/-/esbuild-freebsd-64-0.15.5.tgz#6bfb52b4a0d29c965aa833e04126e95173289c8a"

esbuild-freebsd-arm64@0.14.54:
  version "0.14.54"
  resolved "https://registry.yarnpkg.com/esbuild-freebsd-arm64/-/esbuild-freebsd-arm64-0.14.54.tgz#bafb46ed04fc5f97cbdb016d86947a79579f8e48"

esbuild-freebsd-arm64@0.15.5:
  version "0.15.5"
  resolved "https://registry.yarnpkg.com/esbuild-freebsd-arm64/-/esbuild-freebsd-arm64-0.15.5.tgz#38a3fed8c6398072f9914856c7c3e3444f9ef4dd"

esbuild-linux-32@0.14.54:
  version "0.14.54"
  resolved "https://registry.yarnpkg.com/esbuild-linux-32/-/esbuild-linux-32-0.14.54.tgz#e2a8c4a8efdc355405325033fcebeb941f781fe5"

esbuild-linux-32@0.15.5:
  version "0.15.5"
  resolved "https://registry.yarnpkg.com/esbuild-linux-32/-/esbuild-linux-32-0.15.5.tgz#942dc70127f0c0a7ea91111baf2806e61fc81b32"

esbuild-linux-64@0.14.54:
  version "0.14.54"
  resolved "https://registry.yarnpkg.com/esbuild-linux-64/-/esbuild-linux-64-0.14.54.tgz#de5fdba1c95666cf72369f52b40b03be71226652"

esbuild-linux-64@0.15.5:
  version "0.15.5"
  resolved "https://registry.yarnpkg.com/esbuild-linux-64/-/esbuild-linux-64-0.15.5.tgz#6d748564492d5daaa7e62420862c31ac3a44aed9"

esbuild-linux-arm64@0.14.54:
  version "0.14.54"
  resolved "https://registry.yarnpkg.com/esbuild-linux-arm64/-/esbuild-linux-arm64-0.14.54.tgz#dae4cd42ae9787468b6a5c158da4c84e83b0ce8b"

esbuild-linux-arm64@0.15.5:
  version "0.15.5"
  resolved "https://registry.yarnpkg.com/esbuild-linux-arm64/-/esbuild-linux-arm64-0.15.5.tgz#28cd899beb2d2b0a3870fd44f4526835089a318d"

esbuild-linux-arm@0.14.54:
  version "0.14.54"
  resolved "https://registry.yarnpkg.com/esbuild-linux-arm/-/esbuild-linux-arm-0.14.54.tgz#a2c1dff6d0f21dbe8fc6998a122675533ddfcd59"

esbuild-linux-arm@0.15.5:
  version "0.15.5"
  resolved "https://registry.yarnpkg.com/esbuild-linux-arm/-/esbuild-linux-arm-0.15.5.tgz#6441c256225564d8794fdef5b0a69bc1a43051b5"

esbuild-linux-mips64le@0.14.54:
  version "0.14.54"
  resolved "https://registry.yarnpkg.com/esbuild-linux-mips64le/-/esbuild-linux-mips64le-0.14.54.tgz#d9918e9e4cb972f8d6dae8e8655bf9ee131eda34"

esbuild-linux-mips64le@0.15.5:
  version "0.15.5"
  resolved "https://registry.yarnpkg.com/esbuild-linux-mips64le/-/esbuild-linux-mips64le-0.15.5.tgz#d4927f817290eaffc062446896b2a553f0e11981"

esbuild-linux-ppc64le@0.14.54:
  version "0.14.54"
  resolved "https://registry.yarnpkg.com/esbuild-linux-ppc64le/-/esbuild-linux-ppc64le-0.14.54.tgz#3f9a0f6d41073fb1a640680845c7de52995f137e"

esbuild-linux-ppc64le@0.15.5:
  version "0.15.5"
  resolved "https://registry.yarnpkg.com/esbuild-linux-ppc64le/-/esbuild-linux-ppc64le-0.15.5.tgz#b6d660dc6d5295f89ac51c675f1a2f639e2fb474"

esbuild-linux-riscv64@0.14.54:
  version "0.14.54"
  resolved "https://registry.yarnpkg.com/esbuild-linux-riscv64/-/esbuild-linux-riscv64-0.14.54.tgz#618853c028178a61837bc799d2013d4695e451c8"

esbuild-linux-riscv64@0.15.5:
  version "0.15.5"
  resolved "https://registry.yarnpkg.com/esbuild-linux-riscv64/-/esbuild-linux-riscv64-0.15.5.tgz#2801bf18414dc3d3ad58d1ea83084f00d9d84896"

esbuild-linux-s390x@0.14.54:
  version "0.14.54"
  resolved "https://registry.yarnpkg.com/esbuild-linux-s390x/-/esbuild-linux-s390x-0.14.54.tgz#d1885c4c5a76bbb5a0fe182e2c8c60eb9e29f2a6"

esbuild-linux-s390x@0.15.5:
  version "0.15.5"
  resolved "https://registry.yarnpkg.com/esbuild-linux-s390x/-/esbuild-linux-s390x-0.15.5.tgz#12a634ae6d3384cacc2b8f4201047deafe596eae"

esbuild-loader@^2.19.0:
  version "2.19.0"
  resolved "https://registry.npmjs.org/esbuild-loader/-/esbuild-loader-2.19.0.tgz"
  dependencies:
    esbuild "^0.14.39"
    joycon "^3.0.1"
    json5 "^2.2.0"
    loader-utils "^2.0.0"
    tapable "^2.2.0"
    webpack-sources "^2.2.0"

esbuild-netbsd-64@0.14.54:
  version "0.14.54"
  resolved "https://registry.yarnpkg.com/esbuild-netbsd-64/-/esbuild-netbsd-64-0.14.54.tgz#69ae917a2ff241b7df1dbf22baf04bd330349e81"

esbuild-netbsd-64@0.15.5:
  version "0.15.5"
  resolved "https://registry.yarnpkg.com/esbuild-netbsd-64/-/esbuild-netbsd-64-0.15.5.tgz#951bbf87600512dfcfbe3b8d9d117d684d26c1b8"

esbuild-openbsd-64@0.14.54:
  version "0.14.54"
  resolved "https://registry.yarnpkg.com/esbuild-openbsd-64/-/esbuild-openbsd-64-0.14.54.tgz#db4c8495287a350a6790de22edea247a57c5d47b"

esbuild-openbsd-64@0.15.5:
  version "0.15.5"
  resolved "https://registry.yarnpkg.com/esbuild-openbsd-64/-/esbuild-openbsd-64-0.15.5.tgz#26705b61961d525d79a772232e8b8f211fdbb035"

esbuild-sunos-64@0.14.54:
  version "0.14.54"
  resolved "https://registry.yarnpkg.com/esbuild-sunos-64/-/esbuild-sunos-64-0.14.54.tgz#54287ee3da73d3844b721c21bc80c1dc7e1bf7da"

esbuild-sunos-64@0.15.5:
  version "0.15.5"
  resolved "https://registry.yarnpkg.com/esbuild-sunos-64/-/esbuild-sunos-64-0.15.5.tgz#d794da1ae60e6e2f6194c44d7b3c66bf66c7a141"

esbuild-windows-32@0.14.54:
  version "0.14.54"
  resolved "https://registry.yarnpkg.com/esbuild-windows-32/-/esbuild-windows-32-0.14.54.tgz#f8aaf9a5667630b40f0fb3aa37bf01bbd340ce31"

esbuild-windows-32@0.15.5:
  version "0.15.5"
  resolved "https://registry.yarnpkg.com/esbuild-windows-32/-/esbuild-windows-32-0.15.5.tgz#0670326903f421424be86bc03b7f7b3ff86a9db7"

esbuild-windows-64@0.14.54:
  version "0.14.54"
  resolved "https://registry.yarnpkg.com/esbuild-windows-64/-/esbuild-windows-64-0.14.54.tgz#bf54b51bd3e9b0f1886ffdb224a4176031ea0af4"

esbuild-windows-64@0.15.5:
  version "0.15.5"
  resolved "https://registry.yarnpkg.com/esbuild-windows-64/-/esbuild-windows-64-0.15.5.tgz#64f32acb7341f3f0a4d10e8ff1998c2d1ebfc0a9"

esbuild-windows-arm64@0.14.54:
  version "0.14.54"
  resolved "https://registry.yarnpkg.com/esbuild-windows-arm64/-/esbuild-windows-arm64-0.14.54.tgz#937d15675a15e4b0e4fafdbaa3a01a776a2be982"

esbuild-windows-arm64@0.15.5:
  version "0.15.5"
  resolved "https://registry.yarnpkg.com/esbuild-windows-arm64/-/esbuild-windows-arm64-0.15.5.tgz#4fe7f333ce22a922906b10233c62171673a3854b"

esbuild@^0.14.39:
  version "0.14.54"
  resolved "https://registry.npmjs.org/esbuild/-/esbuild-0.14.54.tgz"
  optionalDependencies:
    "@esbuild/linux-loong64" "0.14.54"
    esbuild-android-64 "0.14.54"
    esbuild-android-arm64 "0.14.54"
    esbuild-darwin-64 "0.14.54"
    esbuild-darwin-arm64 "0.14.54"
    esbuild-freebsd-64 "0.14.54"
    esbuild-freebsd-arm64 "0.14.54"
    esbuild-linux-32 "0.14.54"
    esbuild-linux-64 "0.14.54"
    esbuild-linux-arm "0.14.54"
    esbuild-linux-arm64 "0.14.54"
    esbuild-linux-mips64le "0.14.54"
    esbuild-linux-ppc64le "0.14.54"
    esbuild-linux-riscv64 "0.14.54"
    esbuild-linux-s390x "0.14.54"
    esbuild-netbsd-64 "0.14.54"
    esbuild-openbsd-64 "0.14.54"
    esbuild-sunos-64 "0.14.54"
    esbuild-windows-32 "0.14.54"
    esbuild-windows-64 "0.14.54"
    esbuild-windows-arm64 "0.14.54"

esbuild@^0.15.5:
  version "0.15.5"
  resolved "https://registry.yarnpkg.com/esbuild/-/esbuild-0.15.5.tgz#5effd05666f621d4ff2fe2c76a67c198292193ff"
  optionalDependencies:
    "@esbuild/linux-loong64" "0.15.5"
    esbuild-android-64 "0.15.5"
    esbuild-android-arm64 "0.15.5"
    esbuild-darwin-64 "0.15.5"
    esbuild-darwin-arm64 "0.15.5"
    esbuild-freebsd-64 "0.15.5"
    esbuild-freebsd-arm64 "0.15.5"
    esbuild-linux-32 "0.15.5"
    esbuild-linux-64 "0.15.5"
    esbuild-linux-arm "0.15.5"
    esbuild-linux-arm64 "0.15.5"
    esbuild-linux-mips64le "0.15.5"
    esbuild-linux-ppc64le "0.15.5"
    esbuild-linux-riscv64 "0.15.5"
    esbuild-linux-s390x "0.15.5"
    esbuild-netbsd-64 "0.15.5"
    esbuild-openbsd-64 "0.15.5"
    esbuild-sunos-64 "0.15.5"
    esbuild-windows-32 "0.15.5"
    esbuild-windows-64 "0.15.5"
    esbuild-windows-arm64 "0.15.5"

escalade@^3.1.1:
  version "3.1.1"
  resolved "https://registry.npmjs.org/escalade/-/escalade-3.1.1.tgz"

eslint-scope@5.1.1:
  version "5.1.1"
  resolved "https://registry.npmjs.org/eslint-scope/-/eslint-scope-5.1.1.tgz"
  dependencies:
    esrecurse "^4.3.0"
    estraverse "^4.1.1"

esrecurse@^4.3.0:
  version "4.3.0"
  resolved "https://registry.npmjs.org/esrecurse/-/esrecurse-4.3.0.tgz"
  dependencies:
    estraverse "^5.2.0"

estraverse@^4.1.1:
  version "4.3.0"
  resolved "https://registry.npmjs.org/estraverse/-/estraverse-4.3.0.tgz"

estraverse@^5.2.0:
  version "5.3.0"
  resolved "https://registry.npmjs.org/estraverse/-/estraverse-5.3.0.tgz"

events@^3.2.0:
  version "3.3.0"
  resolved "https://registry.npmjs.org/events/-/events-3.3.0.tgz"

execa@^5.0.0:
  version "5.1.1"
  resolved "https://registry.npmjs.org/execa/-/execa-5.1.1.tgz"
  dependencies:
    cross-spawn "^7.0.3"
    get-stream "^6.0.0"
    human-signals "^2.1.0"
    is-stream "^2.0.0"
    merge-stream "^2.0.0"
    npm-run-path "^4.0.1"
    onetime "^5.1.2"
    signal-exit "^3.0.3"
    strip-final-newline "^2.0.0"

fast-deep-equal@^3.1.1:
  version "3.1.3"
  resolved "https://registry.npmjs.org/fast-deep-equal/-/fast-deep-equal-3.1.3.tgz"

fast-json-stable-stringify@^2.0.0:
  version "2.1.0"
  resolved "https://registry.npmjs.org/fast-json-stable-stringify/-/fast-json-stable-stringify-2.1.0.tgz"

fastest-levenshtein@^1.0.12:
  version "1.0.12"
  resolved "https://registry.npmjs.org/fastest-levenshtein/-/fastest-levenshtein-1.0.12.tgz"

file-loader@^6.2.0:
  version "6.2.0"
  resolved "https://registry.npmjs.org/file-loader/-/file-loader-6.2.0.tgz"
  dependencies:
    loader-utils "^2.0.0"
    schema-utils "^3.0.0"

fill-range@^7.0.1:
  version "7.0.1"
  resolved "https://registry.npmjs.org/fill-range/-/fill-range-7.0.1.tgz"
  dependencies:
    to-regex-range "^5.0.1"

find-up@^4.0.0:
  version "4.1.0"
  resolved "https://registry.npmjs.org/find-up/-/find-up-4.1.0.tgz"
  dependencies:
    locate-path "^5.0.0"
    path-exists "^4.0.0"

fs.realpath@^1.0.0:
  version "1.0.0"
  resolved "https://registry.npmjs.org/fs.realpath/-/fs.realpath-1.0.0.tgz"

fsevents@~2.3.2:
  version "2.3.2"
  resolved "https://registry.npmjs.org/fsevents/-/fsevents-2.3.2.tgz"

function-bind@^1.1.1:
  version "1.1.1"
  resolved "https://registry.npmjs.org/function-bind/-/function-bind-1.1.1.tgz"

get-stream@^6.0.0:
  version "6.0.1"
  resolved "https://registry.npmjs.org/get-stream/-/get-stream-6.0.1.tgz"

glob-parent@~5.1.2:
  version "5.1.2"
  resolved "https://registry.npmjs.org/glob-parent/-/glob-parent-5.1.2.tgz"
  dependencies:
    is-glob "^4.0.1"

glob-to-regexp@^0.4.1:
  version "0.4.1"
  resolved "https://registry.npmjs.org/glob-to-regexp/-/glob-to-regexp-0.4.1.tgz"

glob@^7.1.6:
  version "7.2.3"
  resolved "https://registry.npmjs.org/glob/-/glob-7.2.3.tgz"
  dependencies:
    fs.realpath "^1.0.0"
    inflight "^1.0.4"
    inherits "2"
    minimatch "^3.1.1"
    once "^1.3.0"
    path-is-absolute "^1.0.0"

graceful-fs@^4.1.2, graceful-fs@^4.2.4, graceful-fs@^4.2.9:
  version "4.2.10"
  resolved "https://registry.npmjs.org/graceful-fs/-/graceful-fs-4.2.10.tgz"

has-flag@^4.0.0:
  version "4.0.0"
  resolved "https://registry.npmjs.org/has-flag/-/has-flag-4.0.0.tgz"

has@^1.0.3:
  version "1.0.3"
  resolved "https://registry.npmjs.org/has/-/has-1.0.3.tgz"
  dependencies:
    function-bind "^1.1.1"

human-signals@^2.1.0:
  version "2.1.0"
  resolved "https://registry.npmjs.org/human-signals/-/human-signals-2.1.0.tgz"

icss-utils@^4.0.0, icss-utils@^4.1.1:
  version "4.1.1"
  resolved "https://registry.npmjs.org/icss-utils/-/icss-utils-4.1.1.tgz"
  dependencies:
    postcss "^7.0.14"

immutable@^4.0.0:
  version "4.0.0"
  resolved "https://registry.npmjs.org/immutable/-/immutable-4.0.0.tgz"

import-local@^3.0.2:
  version "3.1.0"
  resolved "https://registry.npmjs.org/import-local/-/import-local-3.1.0.tgz"
  dependencies:
    pkg-dir "^4.2.0"
    resolve-cwd "^3.0.0"

inflight@^1.0.4:
  version "1.0.6"
  resolved "https://registry.npmjs.org/inflight/-/inflight-1.0.6.tgz"
  dependencies:
    once "^1.3.0"
    wrappy "1"

inherits@2:
  version "2.0.4"
  resolved "https://registry.npmjs.org/inherits/-/inherits-2.0.4.tgz"

interpret@^2.2.0:
  version "2.2.0"
  resolved "https://registry.npmjs.org/interpret/-/interpret-2.2.0.tgz"

is-binary-path@~2.1.0:
  version "2.1.0"
  resolved "https://registry.npmjs.org/is-binary-path/-/is-binary-path-2.1.0.tgz"
  dependencies:
    binary-extensions "^2.0.0"

is-core-module@^2.8.1:
  version "2.8.1"
  resolved "https://registry.npmjs.org/is-core-module/-/is-core-module-2.8.1.tgz"
  dependencies:
    has "^1.0.3"

is-extglob@^2.1.1:
  version "2.1.1"
  resolved "https://registry.npmjs.org/is-extglob/-/is-extglob-2.1.1.tgz"

is-glob@^4.0.1, is-glob@~4.0.1:
  version "4.0.3"
  resolved "https://registry.npmjs.org/is-glob/-/is-glob-4.0.3.tgz"
  dependencies:
    is-extglob "^2.1.1"

is-number@^7.0.0:
  version "7.0.0"
  resolved "https://registry.npmjs.org/is-number/-/is-number-7.0.0.tgz"

is-plain-object@^2.0.4:
  version "2.0.4"
  resolved "https://registry.npmjs.org/is-plain-object/-/is-plain-object-2.0.4.tgz"
  dependencies:
    isobject "^3.0.1"

is-stream@^2.0.0:
  version "2.0.1"
  resolved "https://registry.npmjs.org/is-stream/-/is-stream-2.0.1.tgz"

isexe@^2.0.0:
  version "2.0.0"
  resolved "https://registry.npmjs.org/isexe/-/isexe-2.0.0.tgz"

isobject@^3.0.1:
  version "3.0.1"
  resolved "https://registry.npmjs.org/isobject/-/isobject-3.0.1.tgz"

jest-worker@^27.4.5:
  version "27.5.1"
  resolved "https://registry.npmjs.org/jest-worker/-/jest-worker-27.5.1.tgz"
  dependencies:
    "@types/node" "*"
    merge-stream "^2.0.0"
    supports-color "^8.0.0"

joycon@^3.0.1:
  version "3.1.1"
  resolved "https://registry.npmjs.org/joycon/-/joycon-3.1.1.tgz"

json-parse-even-better-errors@^2.3.1:
  version "2.3.1"
  resolved "https://registry.npmjs.org/json-parse-even-better-errors/-/json-parse-even-better-errors-2.3.1.tgz"

json-schema-traverse@^0.4.1:
  version "0.4.1"
  resolved "https://registry.npmjs.org/json-schema-traverse/-/json-schema-traverse-0.4.1.tgz"

json5@^1.0.1:
  version "1.0.1"
  resolved "https://registry.npmjs.org/json5/-/json5-1.0.1.tgz"
  dependencies:
    minimist "^1.2.0"

json5@^2.1.2, json5@^2.2.0:
  version "2.2.0"
  resolved "https://registry.npmjs.org/json5/-/json5-2.2.0.tgz"
  dependencies:
    minimist "^1.2.5"

kind-of@^6.0.2:
  version "6.0.3"
  resolved "https://registry.npmjs.org/kind-of/-/kind-of-6.0.3.tgz"

loader-runner@^4.2.0:
  version "4.2.0"
  resolved "https://registry.npmjs.org/loader-runner/-/loader-runner-4.2.0.tgz"

loader-utils@^1.2.3:
  version "1.4.0"
  resolved "https://registry.npmjs.org/loader-utils/-/loader-utils-1.4.0.tgz"
  dependencies:
    big.js "^5.2.2"
    emojis-list "^3.0.0"
    json5 "^1.0.1"

loader-utils@^2.0.0:
  version "2.0.2"
  resolved "https://registry.npmjs.org/loader-utils/-/loader-utils-2.0.2.tgz"
  dependencies:
    big.js "^5.2.2"
    emojis-list "^3.0.0"
    json5 "^2.1.2"

locate-path@^5.0.0:
  version "5.0.0"
  resolved "https://registry.npmjs.org/locate-path/-/locate-path-5.0.0.tgz"
  dependencies:
    p-locate "^4.1.0"

lru-cache@^6.0.0:
  version "6.0.0"
  resolved "https://registry.npmjs.org/lru-cache/-/lru-cache-6.0.0.tgz"
  dependencies:
    yallist "^4.0.0"

merge-stream@^2.0.0:
  version "2.0.0"
  resolved "https://registry.npmjs.org/merge-stream/-/merge-stream-2.0.0.tgz"

mime-db@1.52.0:
  version "1.52.0"
  resolved "https://registry.npmjs.org/mime-db/-/mime-db-1.52.0.tgz"

mime-types@^2.1.27:
  version "2.1.35"
  resolved "https://registry.npmjs.org/mime-types/-/mime-types-2.1.35.tgz"
  dependencies:
    mime-db "1.52.0"

mimic-fn@^2.1.0:
  version "2.1.0"
  resolved "https://registry.npmjs.org/mimic-fn/-/mimic-fn-2.1.0.tgz"

mini-css-extract-plugin@^1.3.1:
  version "1.6.2"
  resolved "https://registry.npmjs.org/mini-css-extract-plugin/-/mini-css-extract-plugin-1.6.2.tgz"
  dependencies:
    loader-utils "^2.0.0"
    schema-utils "^3.0.0"
    webpack-sources "^1.1.0"

minimatch@^3.1.1:
  version "3.1.2"
  resolved "https://registry.npmjs.org/minimatch/-/minimatch-3.1.2.tgz"
  dependencies:
    brace-expansion "^1.1.7"

minimist@^1.2.0, minimist@^1.2.5:
  version "1.2.5"
  resolved "https://registry.npmjs.org/minimist/-/minimist-1.2.5.tgz"

neo-async@^2.6.1, neo-async@^2.6.2:
  version "2.6.2"
  resolved "https://registry.npmjs.org/neo-async/-/neo-async-2.6.2.tgz"

node-releases@^2.0.1:
  version "2.0.2"
  resolved "https://registry.npmjs.org/node-releases/-/node-releases-2.0.2.tgz"

normalize-path@^3.0.0, normalize-path@~3.0.0:
  version "3.0.0"
  resolved "https://registry.npmjs.org/normalize-path/-/normalize-path-3.0.0.tgz"

npm-run-path@^4.0.1:
  version "4.0.1"
  resolved "https://registry.npmjs.org/npm-run-path/-/npm-run-path-4.0.1.tgz"
  dependencies:
    path-key "^3.0.0"

once@^1.3.0:
  version "1.4.0"
  resolved "https://registry.npmjs.org/once/-/once-1.4.0.tgz"
  dependencies:
    wrappy "1"

onetime@^5.1.2:
  version "5.1.2"
  resolved "https://registry.npmjs.org/onetime/-/onetime-5.1.2.tgz"
  dependencies:
    mimic-fn "^2.1.0"

p-limit@^2.2.0:
  version "2.3.0"
  resolved "https://registry.npmjs.org/p-limit/-/p-limit-2.3.0.tgz"
  dependencies:
    p-try "^2.0.0"

p-locate@^4.1.0:
  version "4.1.0"
  resolved "https://registry.npmjs.org/p-locate/-/p-locate-4.1.0.tgz"
  dependencies:
    p-limit "^2.2.0"

p-try@^2.0.0:
  version "2.2.0"
  resolved "https://registry.npmjs.org/p-try/-/p-try-2.2.0.tgz"

path-exists@^4.0.0:
  version "4.0.0"
  resolved "https://registry.npmjs.org/path-exists/-/path-exists-4.0.0.tgz"

path-is-absolute@^1.0.0:
  version "1.0.1"
  resolved "https://registry.npmjs.org/path-is-absolute/-/path-is-absolute-1.0.1.tgz"

path-key@^3.0.0, path-key@^3.1.0:
  version "3.1.1"
  resolved "https://registry.npmjs.org/path-key/-/path-key-3.1.1.tgz"

path-parse@^1.0.7:
  version "1.0.7"
  resolved "https://registry.npmjs.org/path-parse/-/path-parse-1.0.7.tgz"

picocolors@^0.2.1:
  version "0.2.1"
  resolved "https://registry.npmjs.org/picocolors/-/picocolors-0.2.1.tgz"

picocolors@^1.0.0:
  version "1.0.0"
  resolved "https://registry.npmjs.org/picocolors/-/picocolors-1.0.0.tgz"

picomatch@^2.0.4, picomatch@^2.2.1:
  version "2.3.1"
  resolved "https://registry.npmjs.org/picomatch/-/picomatch-2.3.1.tgz"

pkg-dir@^4.2.0:
  version "4.2.0"
  resolved "https://registry.npmjs.org/pkg-dir/-/pkg-dir-4.2.0.tgz"
  dependencies:
    find-up "^4.0.0"

postcss-focus-within@^4.0.0:
  version "4.0.0"
  resolved "https://registry.yarnpkg.com/postcss-focus-within/-/postcss-focus-within-4.0.0.tgz#c6b428e13403ba053704ce338514584b6cd880c3"
  dependencies:
    postcss "^7.0.27"

postcss-modules-extract-imports@^2.0.0:
  version "2.0.0"
  resolved "https://registry.npmjs.org/postcss-modules-extract-imports/-/postcss-modules-extract-imports-2.0.0.tgz"
  dependencies:
    postcss "^7.0.5"

postcss-modules-local-by-default@^3.0.3:
  version "3.0.3"
  resolved "https://registry.npmjs.org/postcss-modules-local-by-default/-/postcss-modules-local-by-default-3.0.3.tgz"
  dependencies:
    icss-utils "^4.1.1"
    postcss "^7.0.32"
    postcss-selector-parser "^6.0.2"
    postcss-value-parser "^4.1.0"

postcss-modules-scope@^2.2.0:
  version "2.2.0"
  resolved "https://registry.npmjs.org/postcss-modules-scope/-/postcss-modules-scope-2.2.0.tgz"
  dependencies:
    postcss "^7.0.6"
    postcss-selector-parser "^6.0.0"

postcss-modules-values@^3.0.0:
  version "3.0.0"
  resolved "https://registry.npmjs.org/postcss-modules-values/-/postcss-modules-values-3.0.0.tgz"
  dependencies:
    icss-utils "^4.0.0"
    postcss "^7.0.6"

postcss-selector-parser@^6.0.0, postcss-selector-parser@^6.0.2:
  version "6.0.9"
  resolved "https://registry.npmjs.org/postcss-selector-parser/-/postcss-selector-parser-6.0.9.tgz"
  dependencies:
    cssesc "^3.0.0"
    util-deprecate "^1.0.2"

postcss-value-parser@^4.1.0:
  version "4.2.0"
  resolved "https://registry.npmjs.org/postcss-value-parser/-/postcss-value-parser-4.2.0.tgz"

postcss@^7.0.14, postcss@^7.0.27, postcss@^7.0.32, postcss@^7.0.35, postcss@^7.0.5, postcss@^7.0.6:
  version "7.0.39"
  resolved "https://registry.yarnpkg.com/postcss/-/postcss-7.0.39.tgz#9624375d965630e2e1f2c02a935c82a59cb48309"
  dependencies:
    picocolors "^0.2.1"
    source-map "^0.6.1"

punycode@^2.1.0:
  version "2.1.1"
  resolved "https://registry.npmjs.org/punycode/-/punycode-2.1.1.tgz"

randombytes@^2.1.0:
  version "2.1.0"
  resolved "https://registry.npmjs.org/randombytes/-/randombytes-2.1.0.tgz"
  dependencies:
    safe-buffer "^5.1.0"

readdirp@~3.6.0:
  version "3.6.0"
  resolved "https://registry.npmjs.org/readdirp/-/readdirp-3.6.0.tgz"
  dependencies:
    picomatch "^2.2.1"

rechoir@^0.7.0:
  version "0.7.1"
  resolved "https://registry.npmjs.org/rechoir/-/rechoir-0.7.1.tgz"
  dependencies:
    resolve "^1.9.0"

regex-parser@^2.2.11:
  version "2.2.11"
  resolved "https://registry.npmjs.org/regex-parser/-/regex-parser-2.2.11.tgz"

resolve-cwd@^3.0.0:
  version "3.0.0"
  resolved "https://registry.npmjs.org/resolve-cwd/-/resolve-cwd-3.0.0.tgz"
  dependencies:
    resolve-from "^5.0.0"

resolve-from@^5.0.0:
  version "5.0.0"
  resolved "https://registry.npmjs.org/resolve-from/-/resolve-from-5.0.0.tgz"

resolve-url-loader@^4.0.0:
  version "4.0.0"
  resolved "https://registry.npmjs.org/resolve-url-loader/-/resolve-url-loader-4.0.0.tgz"
  dependencies:
    adjust-sourcemap-loader "^4.0.0"
    convert-source-map "^1.7.0"
    loader-utils "^2.0.0"
    postcss "^7.0.35"
    source-map "0.6.1"

resolve@^1.9.0:
  version "1.22.0"
  resolved "https://registry.npmjs.org/resolve/-/resolve-1.22.0.tgz"
  dependencies:
    is-core-module "^2.8.1"
    path-parse "^1.0.7"
    supports-preserve-symlinks-flag "^1.0.0"

safe-buffer@^5.1.0:
  version "5.2.1"
  resolved "https://registry.npmjs.org/safe-buffer/-/safe-buffer-5.2.1.tgz"

safe-buffer@~5.1.1:
  version "5.1.2"
  resolved "https://registry.npmjs.org/safe-buffer/-/safe-buffer-5.1.2.tgz"

sass-export@^2.1.0:
  version "2.1.1"
  resolved "https://registry.npmjs.org/sass-export/-/sass-export-2.1.1.tgz"
  dependencies:
    glob "^7.1.6"
    minimist "^1.2.5"
    sass "^1.32.8"

sass-loader@^8.0.2:
  version "8.0.2"
  resolved "https://registry.npmjs.org/sass-loader/-/sass-loader-8.0.2.tgz"
  dependencies:
    clone-deep "^4.0.1"
    loader-utils "^1.2.3"
    neo-async "^2.6.1"
    schema-utils "^2.6.1"
    semver "^6.3.0"

sass@^1.32.8, sass@^1.54.3:
  version "1.54.5"
  resolved "https://registry.npmjs.org/sass/-/sass-1.54.5.tgz"
  dependencies:
    chokidar ">=3.0.0 <4.0.0"
    immutable "^4.0.0"
    source-map-js ">=0.6.2 <2.0.0"

schema-utils@^2.6.1, schema-utils@^2.7.1:
  version "2.7.1"
  resolved "https://registry.npmjs.org/schema-utils/-/schema-utils-2.7.1.tgz"
  dependencies:
    "@types/json-schema" "^7.0.5"
    ajv "^6.12.4"
    ajv-keywords "^3.5.2"

schema-utils@^3.0.0, schema-utils@^3.1.0, schema-utils@^3.1.1:
  version "3.1.1"
  resolved "https://registry.npmjs.org/schema-utils/-/schema-utils-3.1.1.tgz"
  dependencies:
    "@types/json-schema" "^7.0.8"
    ajv "^6.12.5"
    ajv-keywords "^3.5.2"

semver@^6.3.0:
  version "6.3.0"
  resolved "https://registry.npmjs.org/semver/-/semver-6.3.0.tgz"

semver@^7.3.2:
  version "7.3.5"
  resolved "https://registry.npmjs.org/semver/-/semver-7.3.5.tgz"
  dependencies:
    lru-cache "^6.0.0"

serialize-javascript@^6.0.0:
  version "6.0.0"
  resolved "https://registry.npmjs.org/serialize-javascript/-/serialize-javascript-6.0.0.tgz"
  dependencies:
    randombytes "^2.1.0"

shallow-clone@^3.0.0:
  version "3.0.1"
  resolved "https://registry.npmjs.org/shallow-clone/-/shallow-clone-3.0.1.tgz"
  dependencies:
    kind-of "^6.0.2"

shebang-command@^2.0.0:
  version "2.0.0"
  resolved "https://registry.npmjs.org/shebang-command/-/shebang-command-2.0.0.tgz"
  dependencies:
    shebang-regex "^3.0.0"

shebang-regex@^3.0.0:
  version "3.0.0"
  resolved "https://registry.npmjs.org/shebang-regex/-/shebang-regex-3.0.0.tgz"

signal-exit@^3.0.3:
  version "3.0.7"
  resolved "https://registry.npmjs.org/signal-exit/-/signal-exit-3.0.7.tgz"

source-list-map@^2.0.0, source-list-map@^2.0.1:
  version "2.0.1"
  resolved "https://registry.npmjs.org/source-list-map/-/source-list-map-2.0.1.tgz"

"source-map-js@>=0.6.2 <2.0.0":
  version "1.0.2"
  resolved "https://registry.npmjs.org/source-map-js/-/source-map-js-1.0.2.tgz"

source-map-support@~0.5.20:
  version "0.5.21"
  resolved "https://registry.npmjs.org/source-map-support/-/source-map-support-0.5.21.tgz"
  dependencies:
    buffer-from "^1.0.0"
    source-map "^0.6.0"

source-map@0.6.1, source-map@^0.6.0, source-map@^0.6.1, source-map@~0.6.1:
  version "0.6.1"
  resolved "https://registry.npmjs.org/source-map/-/source-map-0.6.1.tgz"

source-map@~0.7.2:
  version "0.7.3"
  resolved "https://registry.npmjs.org/source-map/-/source-map-0.7.3.tgz"

strip-final-newline@^2.0.0:
  version "2.0.0"
  resolved "https://registry.npmjs.org/strip-final-newline/-/strip-final-newline-2.0.0.tgz"

supports-color@^8.0.0:
  version "8.1.1"
  resolved "https://registry.npmjs.org/supports-color/-/supports-color-8.1.1.tgz"
  dependencies:
    has-flag "^4.0.0"

supports-preserve-symlinks-flag@^1.0.0:
  version "1.0.0"
  resolved "https://registry.npmjs.org/supports-preserve-symlinks-flag/-/supports-preserve-symlinks-flag-1.0.0.tgz"

tapable@^2.0.0, tapable@^2.1.1, tapable@^2.2.0:
  version "2.2.1"
  resolved "https://registry.npmjs.org/tapable/-/tapable-2.2.1.tgz"

terser-webpack-plugin@^5.1.3:
  version "5.3.1"
  resolved "https://registry.npmjs.org/terser-webpack-plugin/-/terser-webpack-plugin-5.3.1.tgz"
  dependencies:
    jest-worker "^27.4.5"
    schema-utils "^3.1.1"
    serialize-javascript "^6.0.0"
    source-map "^0.6.1"
    terser "^5.7.2"

terser@^5.7.2:
  version "5.10.0"
  resolved "https://registry.npmjs.org/terser/-/terser-5.10.0.tgz"
  dependencies:
    commander "^2.20.0"
    source-map "~0.7.2"
    source-map-support "~0.5.20"

to-regex-range@^5.0.1:
  version "5.0.1"
  resolved "https://registry.npmjs.org/to-regex-range/-/to-regex-range-5.0.1.tgz"
  dependencies:
    is-number "^7.0.0"

uri-js@^4.2.2:
  version "4.4.1"
  resolved "https://registry.npmjs.org/uri-js/-/uri-js-4.4.1.tgz"
  dependencies:
    punycode "^2.1.0"

util-deprecate@^1.0.2:
  version "1.0.2"
  resolved "https://registry.npmjs.org/util-deprecate/-/util-deprecate-1.0.2.tgz"

v8-compile-cache@^2.2.0:
  version "2.3.0"
  resolved "https://registry.npmjs.org/v8-compile-cache/-/v8-compile-cache-2.3.0.tgz"

watchpack@^2.3.1:
  version "2.3.1"
  resolved "https://registry.npmjs.org/watchpack/-/watchpack-2.3.1.tgz"
  dependencies:
    glob-to-regexp "^0.4.1"
    graceful-fs "^4.1.2"

webpack-cli@4.7.2:
  version "4.7.2"
  resolved "https://registry.npmjs.org/webpack-cli/-/webpack-cli-4.7.2.tgz"
  dependencies:
    "@discoveryjs/json-ext" "^0.5.0"
    "@webpack-cli/configtest" "^1.0.4"
    "@webpack-cli/info" "^1.3.0"
    "@webpack-cli/serve" "^1.5.1"
    colorette "^1.2.1"
    commander "^7.0.0"
    execa "^5.0.0"
    fastest-levenshtein "^1.0.12"
    import-local "^3.0.2"
    interpret "^2.2.0"
    rechoir "^0.7.0"
    v8-compile-cache "^2.2.0"
    webpack-merge "^5.7.3"

webpack-manifest-plugin@3.1.1:
  version "3.1.1"
  resolved "https://registry.npmjs.org/webpack-manifest-plugin/-/webpack-manifest-plugin-3.1.1.tgz"
  dependencies:
    tapable "^2.0.0"
    webpack-sources "^2.2.0"

webpack-merge@^5.7.3, webpack-merge@^5.8.0:
  version "5.8.0"
  resolved "https://registry.npmjs.org/webpack-merge/-/webpack-merge-5.8.0.tgz"
  dependencies:
    clone-deep "^4.0.1"
    wildcard "^2.0.0"

webpack-sources@^1.1.0:
  version "1.4.3"
  resolved "https://registry.npmjs.org/webpack-sources/-/webpack-sources-1.4.3.tgz"
  dependencies:
    source-list-map "^2.0.0"
    source-map "~0.6.1"

webpack-sources@^2.2.0:
  version "2.3.1"
  resolved "https://registry.npmjs.org/webpack-sources/-/webpack-sources-2.3.1.tgz"
  dependencies:
    source-list-map "^2.0.1"
    source-map "^0.6.1"

webpack-sources@^3.2.3:
  version "3.2.3"
  resolved "https://registry.npmjs.org/webpack-sources/-/webpack-sources-3.2.3.tgz"

webpack@5.72.1:
  version "5.72.1"
  resolved "https://registry.npmjs.org/webpack/-/webpack-5.72.1.tgz"
  dependencies:
    "@types/eslint-scope" "^3.7.3"
    "@types/estree" "^0.0.51"
    "@webassemblyjs/ast" "1.11.1"
    "@webassemblyjs/wasm-edit" "1.11.1"
    "@webassemblyjs/wasm-parser" "1.11.1"
    acorn "^8.4.1"
    acorn-import-assertions "^1.7.6"
    browserslist "^4.14.5"
    chrome-trace-event "^1.0.2"
    enhanced-resolve "^5.9.3"
    es-module-lexer "^0.9.0"
    eslint-scope "5.1.1"
    events "^3.2.0"
    glob-to-regexp "^0.4.1"
    graceful-fs "^4.2.9"
    json-parse-even-better-errors "^2.3.1"
    loader-runner "^4.2.0"
    mime-types "^2.1.27"
    neo-async "^2.6.2"
    schema-utils "^3.1.0"
    tapable "^2.1.1"
    terser-webpack-plugin "^5.1.3"
    watchpack "^2.3.1"
    webpack-sources "^3.2.3"

which@^2.0.1:
  version "2.0.2"
  resolved "https://registry.npmjs.org/which/-/which-2.0.2.tgz"
  dependencies:
    isexe "^2.0.0"

wildcard@^2.0.0:
  version "2.0.0"
  resolved "https://registry.npmjs.org/wildcard/-/wildcard-2.0.0.tgz"

wrappy@1:
  version "1.0.2"
  resolved "https://registry.npmjs.org/wrappy/-/wrappy-1.0.2.tgz"

yallist@^4.0.0:
  version "4.0.0"
  resolved "https://registry.npmjs.org/yallist/-/yallist-4.0.0.tgz"
